{
  "requires": true,
  "lockfileVersion": 1,
  "dependencies": {
    "curtainsjs": {
      "version": "6.1.0",
      "resolved": "https://registry.npmjs.org/curtainsjs/-/curtainsjs-6.1.0.tgz",
      "integrity": "sha512-5o/2Ikd51grI5I3d7kVyuQI+OQu6u+esFO2g+FkU3uqylfH8dPKHuQkq0nf4cLv9HbZixvF4cjgVxjrK21IB8w=="
    }
  }
}
